
Microsoft Visual Studio Solution File, Format Version 12.00
# Visual Studio Version 17
VisualStudioVersion = 17.4.33110.190
MinimumVisualStudioVersion = 10.0.40219.1
Project("{FAE04EC0-301F-11D3-BF4B-00C04F79EFBC}") = "KBO_Dictionary", "KBO_Dictionary\KBO_Dictionary.csproj", "{029C5F8D-A2BE-49F1-B657-5F8DE6C9EB03}"
EndProject
Global
	GlobalSection(SolutionConfigurationPlatforms) = preSolution
		Debug|Any CPU = Debug|Any CPU
		Release|Any CPU = Release|Any CPU
	EndGlobalSection
	GlobalSection(ProjectConfigurationPlatforms) = postSolution
		{029C5F8D-A2BE-49F1-B657-5F8DE6C9EB03}.Debug|Any CPU.ActiveCfg = Debug|Any CPU
		{029C5F8D-A2BE-49F1-B657-5F8DE6C9EB03}.Debug|Any CPU.Build.0 = Debug|Any CPU
		{029C5F8D-A2BE-49F1-B657-5F8DE6C9EB03}.Release|Any CPU.ActiveCfg = Release|Any CPU
		{029C5F8D-A2BE-49F1-B657-5F8DE6C9EB03}.Release|Any CPU.Build.0 = Release|Any CPU
	EndGlobalSection
	GlobalSection(SolutionProperties) = preSolution
		HideSolutionNode = FALSE
	EndGlobalSection
	GlobalSection(ExtensibilityGlobals) = postSolution
		SolutionGuid = {7B733EA5-6E2B-4365-88D7-F8E5169F936A}
	EndGlobalSection
EndGlobal
